
Microsoft Visual Studio Solution File, Format Version 12.00
# Visual Studio Version 17
VisualStudioVersion = 17.14.36518.9 d17.14
MinimumVisualStudioVersion = 10.0.40219.1
Project("{FAE04EC0-301F-11D3-BF4B-00C04F79EFBC}") = "Server", "Server\Server.csproj", "{298B2856-32DD-4515-8CDF-02ABA752BA00}"
EndProject
Project("{FAE04EC0-301F-11D3-BF4B-00C04F79EFBC}") = "Client", "Client\Client.csproj", "{9956BC05-F529-4547-800A-ADA14893F63C}"
EndProject
Project("{FAE04EC0-301F-11D3-BF4B-00C04F79EFBC}") = "Contract", "Contract\Contract.csproj", "{4BA736D5-5CBB-4CAC-8D38-6F5F1C1797B8}"
EndProject
Global
	GlobalSection(SolutionConfigurationPlatforms) = preSolution
		Debug|Any CPU = Debug|Any CPU
		Release|Any CPU = Release|Any CPU
	EndGlobalSection
	GlobalSection(ProjectConfigurationPlatforms) = postSolution
		{298B2856-32DD-4515-8CDF-02ABA752BA00}.Debug|Any CPU.ActiveCfg = Debug|Any CPU
		{298B2856-32DD-4515-8CDF-02ABA752BA00}.Debug|Any CPU.Build.0 = Debug|Any CPU
		{298B2856-32DD-4515-8CDF-02ABA752BA00}.Release|Any CPU.ActiveCfg = Release|Any CPU
		{298B2856-32DD-4515-8CDF-02ABA752BA00}.Release|Any CPU.Build.0 = Release|Any CPU
		{9956BC05-F529-4547-800A-ADA14893F63C}.Debug|Any CPU.ActiveCfg = Debug|Any CPU
		{9956BC05-F529-4547-800A-ADA14893F63C}.Debug|Any CPU.Build.0 = Debug|Any CPU
		{9956BC05-F529-4547-800A-ADA14893F63C}.Release|Any CPU.ActiveCfg = Release|Any CPU
		{9956BC05-F529-4547-800A-ADA14893F63C}.Release|Any CPU.Build.0 = Release|Any CPU
		{4BA736D5-5CBB-4CAC-8D38-6F5F1C1797B8}.Debug|Any CPU.ActiveCfg = Debug|Any CPU
		{4BA736D5-5CBB-4CAC-8D38-6F5F1C1797B8}.Debug|Any CPU.Build.0 = Debug|Any CPU
		{4BA736D5-5CBB-4CAC-8D38-6F5F1C1797B8}.Release|Any CPU.ActiveCfg = Release|Any CPU
		{4BA736D5-5CBB-4CAC-8D38-6F5F1C1797B8}.Release|Any CPU.Build.0 = Release|Any CPU
	EndGlobalSection
	GlobalSection(SolutionProperties) = preSolution
		HideSolutionNode = FALSE
	EndGlobalSection
	GlobalSection(ExtensibilityGlobals) = postSolution
		SolutionGuid = {9820D5AB-8515-40E5-99E2-F226E20F5533}
	EndGlobalSection
EndGlobal
